{
 "profile": "[settings]\narch=x86_64\narch_build=x86_64\nbuild_type=Release\ncompiler=Visual Studio\ncompiler.runtime=MD\ncompiler.version=16\nos=Windows\nos_build=Windows\n[options]\n[build_requires]\n[env]\n",
 "graph_lock": {
  "nodes": {
   "0b2cd5fb-a288-11e9-b1bb-d05349b9b875": {
    "pref": null,
    "options": "sdl2:directx=True\nsdl2:iconv=False\nsdl2:sdl2main=True\nsdl2:shared=False",
    "requires": {
     "sdl2/2.0.9@bincrafters/stable#0": "0b2cd5fa-a288-11e9-8bb4-d05349b9b875"
    }
   },
   "0b2cd5fa-a288-11e9-8bb4-d05349b9b875": {
    "pref": "sdl2/2.0.9@bincrafters/stable#0:1207f517a702731f7bcbfd9d309d0b8237719e8f#0",
    "options": "directx=True\niconv=False\nsdl2main=True\nshared=False"
   }
  }
 }
}